
Microsoft Visual Studio Solution File, Format Version 12.00
# Visual Studio Version 16
VisualStudioVersion = 16.0.31829.152
MinimumVisualStudioVersion = 10.0.40219.1
Project("{FAE04EC0-301F-11D3-BF4B-00C04F79EFBC}") = "CryptoBalance", "CryptoBalance\CryptoBalance.csproj", "{ABE7A374-12B9-4496-A1D9-D523248E4977}"
EndProject
Global
	GlobalSection(SolutionConfigurationPlatforms) = preSolution
		Debug|Any CPU = Debug|Any CPU
		Release|Any CPU = Release|Any CPU
	EndGlobalSection
	GlobalSection(ProjectConfigurationPlatforms) = postSolution
		{ABE7A374-12B9-4496-A1D9-D523248E4977}.Debug|Any CPU.ActiveCfg = Debug|Any CPU
		{ABE7A374-12B9-4496-A1D9-D523248E4977}.Debug|Any CPU.Build.0 = Debug|Any CPU
		{ABE7A374-12B9-4496-A1D9-D523248E4977}.Release|Any CPU.ActiveCfg = Release|Any CPU
		{ABE7A374-12B9-4496-A1D9-D523248E4977}.Release|Any CPU.Build.0 = Release|Any CPU
	EndGlobalSection
	GlobalSection(SolutionProperties) = preSolution
		HideSolutionNode = FALSE
	EndGlobalSection
	GlobalSection(ExtensibilityGlobals) = postSolution
		SolutionGuid = {0DAF1D06-7FC4-452E-BB4E-DA64116ADDB9}
	EndGlobalSection
EndGlobal
